
Microsoft Visual Studio Solution File, Format Version 12.00
# Visual Studio Version 16
VisualStudioVersion = 16.0.30907.101
MinimumVisualStudioVersion = 10.0.40219.1
Project("{FAE04EC0-301F-11D3-BF4B-00C04F79EFBC}") = "FootballAPI", "src\API\FootballAPI\FootballAPI.csproj", "{580E3DE4-31EB-4A8E-B926-29AE81ED0EA6}"
EndProject
Project("{2150E333-8FDC-42A3-9474-1A3956D46DE8}") = "src", "src", "{A0DFF79F-FE7E-4C2D-AF83-F02CCB732845}"
EndProject
Project("{2150E333-8FDC-42A3-9474-1A3956D46DE8}") = "API", "API", "{00DF7BF1-732D-411E-B5D4-67E5E90719C0}"
EndProject
Project("{2150E333-8FDC-42A3-9474-1A3956D46DE8}") = "Common", "Common", "{22D87D9B-40B2-4A31-8F6C-55E9390D2EAD}"
EndProject
Project("{2150E333-8FDC-42A3-9474-1A3956D46DE8}") = "Modules", "Modules", "{0FFDA33D-5D68-4068-BAD1-456908AA618E}"
EndProject
Project("{FAE04EC0-301F-11D3-BF4B-00C04F79EFBC}") = "Football.Common.Domain", "src\Common\Football.Common.Domain\Football.Common.Domain.csproj", "{35EFEC4F-BB3C-4609-9B1E-06D4008C172C}"
EndProject
Project("{FAE04EC0-301F-11D3-BF4B-00C04F79EFBC}") = "Football.Common.Application", "src\Common\Football.Common.Application\Football.Common.Application.csproj", "{51C91A76-64BD-4300-894E-728204E22FBC}"
EndProject
Project("{FAE04EC0-301F-11D3-BF4B-00C04F79EFBC}") = "Football.Common.Infrastructure", "src\Common\Football.Common.Infrastructure\Football.Common.Infrastructure.csproj", "{7B5DDA20-C756-44CD-8029-892F80BF7FF0}"
EndProject
Project("{FAE04EC0-301F-11D3-BF4B-00C04F79EFBC}") = "Football.Common.Presentation", "src\Common\Football.Common.Presentation\Football.Common.Presentation.csproj", "{C2206B5E-DE73-417F-A41A-37BA461B46DC}"
EndProject
Project("{2150E333-8FDC-42A3-9474-1A3956D46DE8}") = "Leagues", "Leagues", "{3EF725A5-F21F-47E0-9F48-9363A1FD5F04}"
EndProject
Project("{FAE04EC0-301F-11D3-BF4B-00C04F79EFBC}") = "Football.Modules.Leagues.Domain", "src\Modules\Leagues\Football.Modules.Leagues.Domain\Football.Modules.Leagues.Domain.csproj", "{DC033AEB-3B42-46A2-A239-D05301F77C97}"
EndProject
Project("{FAE04EC0-301F-11D3-BF4B-00C04F79EFBC}") = "Football.Modules.Leagues.Application", "src\Modules\Leagues\Football.Modules.Leagues.Application\Football.Modules.Leagues.Application.csproj", "{3947FCB6-729C-461A-93C9-52383662D109}"
EndProject
Project("{FAE04EC0-301F-11D3-BF4B-00C04F79EFBC}") = "Football.Modules.Leagues.Infrastructure", "src\Modules\Leagues\Football.Modules.Leagues.Infrastructure\Football.Modules.Leagues.Infrastructure.csproj", "{91ECD94A-81AE-4B10-9D23-264BAAC7EDA5}"
EndProject
Project("{FAE04EC0-301F-11D3-BF4B-00C04F79EFBC}") = "Football.Modules.Leagues.Presentation", "src\Modules\Leagues\Football.Modules.Leagues.Presentation\Football.Modules.Leagues.Presentation.csproj", "{80CE2827-50EE-4B3D-B22C-8FAF993A1942}"
EndProject
Project("{2150E333-8FDC-42A3-9474-1A3956D46DE8}") = "Solution Items", "Solution Items", "{1F91FD43-E166-4EA2-BFD2-B9F998A90F19}"
	ProjectSection(SolutionItems) = preProject
		docker-compose.yml = docker-compose.yml
	EndProjectSection
EndProject
Project("{2150E333-8FDC-42A3-9474-1A3956D46DE8}") = "Users", "Users", "{D181B564-5DA2-4C27-87AB-CEDED33B63FD}"
EndProject
Project("{FAE04EC0-301F-11D3-BF4B-00C04F79EFBC}") = "Football.Modules.Users.Domain", "src\Modules\Users\Football.Modules.Users.Domain\Football.Modules.Users.Domain.csproj", "{D96080F8-4DE8-40A5-892F-59A49751F118}"
EndProject
Project("{FAE04EC0-301F-11D3-BF4B-00C04F79EFBC}") = "Football.Modules.Users.Application", "src\Modules\Users\Football.Modules.Users.Application\Football.Modules.Users.Application.csproj", "{6FEBAEEE-D6EB-4C57-9A9F-E6CF4E5C7EFA}"
EndProject
Project("{FAE04EC0-301F-11D3-BF4B-00C04F79EFBC}") = "Football.Modules.Users.Infrastructure", "src\Modules\Users\Football.Modules.Users.Infrastructure\Football.Modules.Users.Infrastructure.csproj", "{52E9DD8F-54D7-419C-9BE7-E24668F63F26}"
EndProject
Project("{FAE04EC0-301F-11D3-BF4B-00C04F79EFBC}") = "Football.Modules.Users.Presentation", "src\Modules\Users\Football.Modules.Users.Presentation\Football.Modules.Users.Presentation.csproj", "{1511F82A-817B-43DF-9585-85D92EFDFFD8}"
EndProject
Project("{2150E333-8FDC-42A3-9474-1A3956D46DE8}") = "test", "test", "{0B8F8AB9-C296-4CB1-8076-9BA2C902C152}"
EndProject
Project("{FAE04EC0-301F-11D3-BF4B-00C04F79EFBC}") = "Football.Modules.Leagues.UnitTests", "src\Modules\Leagues\Football.Modules.Leagues.UnitTests\Football.Modules.Leagues.UnitTests.csproj", "{5EFF3F5D-5884-4911-965E-C16FCF136245}"
EndProject
Global
	GlobalSection(SolutionConfigurationPlatforms) = preSolution
		Debug|Any CPU = Debug|Any CPU
		Release|Any CPU = Release|Any CPU
	EndGlobalSection
	GlobalSection(ProjectConfigurationPlatforms) = postSolution
		{580E3DE4-31EB-4A8E-B926-29AE81ED0EA6}.Debug|Any CPU.ActiveCfg = Debug|Any CPU
		{580E3DE4-31EB-4A8E-B926-29AE81ED0EA6}.Debug|Any CPU.Build.0 = Debug|Any CPU
		{580E3DE4-31EB-4A8E-B926-29AE81ED0EA6}.Release|Any CPU.ActiveCfg = Release|Any CPU
		{580E3DE4-31EB-4A8E-B926-29AE81ED0EA6}.Release|Any CPU.Build.0 = Release|Any CPU
		{35EFEC4F-BB3C-4609-9B1E-06D4008C172C}.Debug|Any CPU.ActiveCfg = Debug|Any CPU
		{35EFEC4F-BB3C-4609-9B1E-06D4008C172C}.Debug|Any CPU.Build.0 = Debug|Any CPU
		{35EFEC4F-BB3C-4609-9B1E-06D4008C172C}.Release|Any CPU.ActiveCfg = Release|Any CPU
		{35EFEC4F-BB3C-4609-9B1E-06D4008C172C}.Release|Any CPU.Build.0 = Release|Any CPU
		{51C91A76-64BD-4300-894E-728204E22FBC}.Debug|Any CPU.ActiveCfg = Debug|Any CPU
		{51C91A76-64BD-4300-894E-728204E22FBC}.Debug|Any CPU.Build.0 = Debug|Any CPU
		{51C91A76-64BD-4300-894E-728204E22FBC}.Release|Any CPU.ActiveCfg = Release|Any CPU
		{51C91A76-64BD-4300-894E-728204E22FBC}.Release|Any CPU.Build.0 = Release|Any CPU
		{7B5DDA20-C756-44CD-8029-892F80BF7FF0}.Debug|Any CPU.ActiveCfg = Debug|Any CPU
		{7B5DDA20-C756-44CD-8029-892F80BF7FF0}.Debug|Any CPU.Build.0 = Debug|Any CPU
		{7B5DDA20-C756-44CD-8029-892F80BF7FF0}.Release|Any CPU.ActiveCfg = Release|Any CPU
		{7B5DDA20-C756-44CD-8029-892F80BF7FF0}.Release|Any CPU.Build.0 = Release|Any CPU
		{C2206B5E-DE73-417F-A41A-37BA461B46DC}.Debug|Any CPU.ActiveCfg = Debug|Any CPU
		{C2206B5E-DE73-417F-A41A-37BA461B46DC}.Debug|Any CPU.Build.0 = Debug|Any CPU
		{C2206B5E-DE73-417F-A41A-37BA461B46DC}.Release|Any CPU.ActiveCfg = Release|Any CPU
		{C2206B5E-DE73-417F-A41A-37BA461B46DC}.Release|Any CPU.Build.0 = Release|Any CPU
		{DC033AEB-3B42-46A2-A239-D05301F77C97}.Debug|Any CPU.ActiveCfg = Debug|Any CPU
		{DC033AEB-3B42-46A2-A239-D05301F77C97}.Debug|Any CPU.Build.0 = Debug|Any CPU
		{DC033AEB-3B42-46A2-A239-D05301F77C97}.Release|Any CPU.ActiveCfg = Release|Any CPU
		{DC033AEB-3B42-46A2-A239-D05301F77C97}.Release|Any CPU.Build.0 = Release|Any CPU
		{3947FCB6-729C-461A-93C9-52383662D109}.Debug|Any CPU.ActiveCfg = Debug|Any CPU
		{3947FCB6-729C-461A-93C9-52383662D109}.Debug|Any CPU.Build.0 = Debug|Any CPU
		{3947FCB6-729C-461A-93C9-52383662D109}.Release|Any CPU.ActiveCfg = Release|Any CPU
		{3947FCB6-729C-461A-93C9-52383662D109}.Release|Any CPU.Build.0 = Release|Any CPU
		{91ECD94A-81AE-4B10-9D23-264BAAC7EDA5}.Debug|Any CPU.ActiveCfg = Debug|Any CPU
		{91ECD94A-81AE-4B10-9D23-264BAAC7EDA5}.Debug|Any CPU.Build.0 = Debug|Any CPU
		{91ECD94A-81AE-4B10-9D23-264BAAC7EDA5}.Release|Any CPU.ActiveCfg = Release|Any CPU
		{91ECD94A-81AE-4B10-9D23-264BAAC7EDA5}.Release|Any CPU.Build.0 = Release|Any CPU
		{80CE2827-50EE-4B3D-B22C-8FAF993A1942}.Debug|Any CPU.ActiveCfg = Debug|Any CPU
		{80CE2827-50EE-4B3D-B22C-8FAF993A1942}.Debug|Any CPU.Build.0 = Debug|Any CPU
		{80CE2827-50EE-4B3D-B22C-8FAF993A1942}.Release|Any CPU.ActiveCfg = Release|Any CPU
		{80CE2827-50EE-4B3D-B22C-8FAF993A1942}.Release|Any CPU.Build.0 = Release|Any CPU
		{D96080F8-4DE8-40A5-892F-59A49751F118}.Debug|Any CPU.ActiveCfg = Debug|Any CPU
		{D96080F8-4DE8-40A5-892F-59A49751F118}.Debug|Any CPU.Build.0 = Debug|Any CPU
		{D96080F8-4DE8-40A5-892F-59A49751F118}.Release|Any CPU.ActiveCfg = Release|Any CPU
		{D96080F8-4DE8-40A5-892F-59A49751F118}.Release|Any CPU.Build.0 = Release|Any CPU
		{6FEBAEEE-D6EB-4C57-9A9F-E6CF4E5C7EFA}.Debug|Any CPU.ActiveCfg = Debug|Any CPU
		{6FEBAEEE-D6EB-4C57-9A9F-E6CF4E5C7EFA}.Debug|Any CPU.Build.0 = Debug|Any CPU
		{6FEBAEEE-D6EB-4C57-9A9F-E6CF4E5C7EFA}.Release|Any CPU.ActiveCfg = Release|Any CPU
		{6FEBAEEE-D6EB-4C57-9A9F-E6CF4E5C7EFA}.Release|Any CPU.Build.0 = Release|Any CPU
		{52E9DD8F-54D7-419C-9BE7-E24668F63F26}.Debug|Any CPU.ActiveCfg = Debug|Any CPU
		{52E9DD8F-54D7-419C-9BE7-E24668F63F26}.Debug|Any CPU.Build.0 = Debug|Any CPU
		{52E9DD8F-54D7-419C-9BE7-E24668F63F26}.Release|Any CPU.ActiveCfg = Release|Any CPU
		{52E9DD8F-54D7-419C-9BE7-E24668F63F26}.Release|Any CPU.Build.0 = Release|Any CPU
		{1511F82A-817B-43DF-9585-85D92EFDFFD8}.Debug|Any CPU.ActiveCfg = Debug|Any CPU
		{1511F82A-817B-43DF-9585-85D92EFDFFD8}.Debug|Any CPU.Build.0 = Debug|Any CPU
		{1511F82A-817B-43DF-9585-85D92EFDFFD8}.Release|Any CPU.ActiveCfg = Release|Any CPU
		{1511F82A-817B-43DF-9585-85D92EFDFFD8}.Release|Any CPU.Build.0 = Release|Any CPU
		{5EFF3F5D-5884-4911-965E-C16FCF136245}.Debug|Any CPU.ActiveCfg = Debug|Any CPU
		{5EFF3F5D-5884-4911-965E-C16FCF136245}.Debug|Any CPU.Build.0 = Debug|Any CPU
		{5EFF3F5D-5884-4911-965E-C16FCF136245}.Release|Any CPU.ActiveCfg = Release|Any CPU
		{5EFF3F5D-5884-4911-965E-C16FCF136245}.Release|Any CPU.Build.0 = Release|Any CPU
	EndGlobalSection
	GlobalSection(SolutionProperties) = preSolution
		HideSolutionNode = FALSE
	EndGlobalSection
	GlobalSection(ExtensibilityGlobals) = postSolution
		SolutionGuid = {5FFDAD86-091F-4B5B-8EF7-379D153CDBBA}
	EndGlobalSection
	GlobalSection(NestedProjects) = preSolution
		{00DF7BF1-732D-411E-B5D4-67E5E90719C0} = {A0DFF79F-FE7E-4C2D-AF83-F02CCB732845}
		{22D87D9B-40B2-4A31-8F6C-55E9390D2EAD} = {A0DFF79F-FE7E-4C2D-AF83-F02CCB732845}
		{0FFDA33D-5D68-4068-BAD1-456908AA618E} = {A0DFF79F-FE7E-4C2D-AF83-F02CCB732845}
		{580E3DE4-31EB-4A8E-B926-29AE81ED0EA6} = {00DF7BF1-732D-411E-B5D4-67E5E90719C0}
		{35EFEC4F-BB3C-4609-9B1E-06D4008C172C} = {22D87D9B-40B2-4A31-8F6C-55E9390D2EAD}
		{51C91A76-64BD-4300-894E-728204E22FBC} = {22D87D9B-40B2-4A31-8F6C-55E9390D2EAD}
		{7B5DDA20-C756-44CD-8029-892F80BF7FF0} = {22D87D9B-40B2-4A31-8F6C-55E9390D2EAD}
		{C2206B5E-DE73-417F-A41A-37BA461B46DC} = {22D87D9B-40B2-4A31-8F6C-55E9390D2EAD}
		{3EF725A5-F21F-47E0-9F48-9363A1FD5F04} = {0FFDA33D-5D68-4068-BAD1-456908AA618E}
		{DC033AEB-3B42-46A2-A239-D05301F77C97} = {3EF725A5-F21F-47E0-9F48-9363A1FD5F04}
		{3947FCB6-729C-461A-93C9-52383662D109} = {3EF725A5-F21F-47E0-9F48-9363A1FD5F04}
		{91ECD94A-81AE-4B10-9D23-264BAAC7EDA5} = {3EF725A5-F21F-47E0-9F48-9363A1FD5F04}
		{80CE2827-50EE-4B3D-B22C-8FAF993A1942} = {3EF725A5-F21F-47E0-9F48-9363A1FD5F04}
		{D181B564-5DA2-4C27-87AB-CEDED33B63FD} = {0FFDA33D-5D68-4068-BAD1-456908AA618E}
		{D96080F8-4DE8-40A5-892F-59A49751F118} = {D181B564-5DA2-4C27-87AB-CEDED33B63FD}
		{6FEBAEEE-D6EB-4C57-9A9F-E6CF4E5C7EFA} = {D181B564-5DA2-4C27-87AB-CEDED33B63FD}
		{52E9DD8F-54D7-419C-9BE7-E24668F63F26} = {D181B564-5DA2-4C27-87AB-CEDED33B63FD}
		{1511F82A-817B-43DF-9585-85D92EFDFFD8} = {D181B564-5DA2-4C27-87AB-CEDED33B63FD}
		{0B8F8AB9-C296-4CB1-8076-9BA2C902C152} = {3EF725A5-F21F-47E0-9F48-9363A1FD5F04}
		{5EFF3F5D-5884-4911-965E-C16FCF136245} = {0B8F8AB9-C296-4CB1-8076-9BA2C902C152}
	EndGlobalSection
EndGlobal
